
Microsoft Visual Studio Solution File, Format Version 12.00
# Visual Studio Version 17
VisualStudioVersion = 17.8.34330.188
MinimumVisualStudioVersion = 10.0.40219.1
Project("{FAE04EC0-301F-11D3-BF4B-00C04F79EFBC}") = "HomeWork16", "HomeWork16\HomeWork16.csproj", "{06850D53-AB66-49E1-B8E5-A526298E8098}"
EndProject
Global
	GlobalSection(SolutionConfigurationPlatforms) = preSolution
		Debug|Any CPU = Debug|Any CPU
		Release|Any CPU = Release|Any CPU
	EndGlobalSection
	GlobalSection(ProjectConfigurationPlatforms) = postSolution
		{06850D53-AB66-49E1-B8E5-A526298E8098}.Debug|Any CPU.ActiveCfg = Debug|Any CPU
		{06850D53-AB66-49E1-B8E5-A526298E8098}.Debug|Any CPU.Build.0 = Debug|Any CPU
		{06850D53-AB66-49E1-B8E5-A526298E8098}.Release|Any CPU.ActiveCfg = Release|Any CPU
		{06850D53-AB66-49E1-B8E5-A526298E8098}.Release|Any CPU.Build.0 = Release|Any CPU
	EndGlobalSection
	GlobalSection(SolutionProperties) = preSolution
		HideSolutionNode = FALSE
	EndGlobalSection
	GlobalSection(ExtensibilityGlobals) = postSolution
		SolutionGuid = {2782D84C-2B16-4A80-863F-A156C3A9BE16}
	EndGlobalSection
EndGlobal
