
Microsoft Visual Studio Solution File, Format Version 12.00
# Visual Studio Version 17
VisualStudioVersion = 17.8.34525.116
MinimumVisualStudioVersion = 10.0.40219.1
Project("{FAE04EC0-301F-11D3-BF4B-00C04F79EFBC}") = "HomeWork31", "HomeWork31.csproj", "{47208C51-6610-43EF-8576-9BFB3D74277A}"
EndProject
Global
	GlobalSection(SolutionConfigurationPlatforms) = preSolution
		Debug|Any CPU = Debug|Any CPU
		Release|Any CPU = Release|Any CPU
	EndGlobalSection
	GlobalSection(ProjectConfigurationPlatforms) = postSolution
		{47208C51-6610-43EF-8576-9BFB3D74277A}.Debug|Any CPU.ActiveCfg = Debug|Any CPU
		{47208C51-6610-43EF-8576-9BFB3D74277A}.Debug|Any CPU.Build.0 = Debug|Any CPU
		{47208C51-6610-43EF-8576-9BFB3D74277A}.Release|Any CPU.ActiveCfg = Release|Any CPU
		{47208C51-6610-43EF-8576-9BFB3D74277A}.Release|Any CPU.Build.0 = Release|Any CPU
	EndGlobalSection
	GlobalSection(SolutionProperties) = preSolution
		HideSolutionNode = FALSE
	EndGlobalSection
	GlobalSection(ExtensibilityGlobals) = postSolution
		SolutionGuid = {BD2811C6-C342-47A2-A701-1327DF99694D}
	EndGlobalSection
EndGlobal
