
Microsoft Visual Studio Solution File, Format Version 12.00
# Visual Studio Version 17
VisualStudioVersion = 17.8.34330.188
MinimumVisualStudioVersion = 10.0.40219.1
Project("{9A19103F-16F7-4668-BE54-9A1E7A4F7556}") = "Homework 2.2", "Homework 2.2\Homework 2.2.csproj", "{453CD4E2-2D01-4359-B96A-A332482BF2DD}"
EndProject
Project("{FAE04EC0-301F-11D3-BF4B-00C04F79EFBC}") = "RandomElement", "RandomElement\RandomElement.csproj", "{16CFE6C4-F37E-4CFA-806F-C58B1603EA01}"
EndProject
Global
	GlobalSection(SolutionConfigurationPlatforms) = preSolution
		Debug|Any CPU = Debug|Any CPU
		Release|Any CPU = Release|Any CPU
	EndGlobalSection
	GlobalSection(ProjectConfigurationPlatforms) = postSolution
		{453CD4E2-2D01-4359-B96A-A332482BF2DD}.Debug|Any CPU.ActiveCfg = Debug|Any CPU
		{453CD4E2-2D01-4359-B96A-A332482BF2DD}.Debug|Any CPU.Build.0 = Debug|Any CPU
		{453CD4E2-2D01-4359-B96A-A332482BF2DD}.Release|Any CPU.ActiveCfg = Release|Any CPU
		{453CD4E2-2D01-4359-B96A-A332482BF2DD}.Release|Any CPU.Build.0 = Release|Any CPU
		{16CFE6C4-F37E-4CFA-806F-C58B1603EA01}.Debug|Any CPU.ActiveCfg = Debug|Any CPU
		{16CFE6C4-F37E-4CFA-806F-C58B1603EA01}.Debug|Any CPU.Build.0 = Debug|Any CPU
		{16CFE6C4-F37E-4CFA-806F-C58B1603EA01}.Release|Any CPU.ActiveCfg = Release|Any CPU
		{16CFE6C4-F37E-4CFA-806F-C58B1603EA01}.Release|Any CPU.Build.0 = Release|Any CPU
	EndGlobalSection
	GlobalSection(SolutionProperties) = preSolution
		HideSolutionNode = FALSE
	EndGlobalSection
	GlobalSection(ExtensibilityGlobals) = postSolution
		SolutionGuid = {28B5DA0F-6595-419F-9F70-6F4FB71DC993}
	EndGlobalSection
EndGlobal
